<?xml version="1.0" encoding="utf-8"?>
<Project ToolsVersion="4.0" xmlns="http://schemas.microsoft.com/developer/msbuild/2003">
  <ItemGroup>
    <Filter Include="Source Files">
      <UniqueIdentifier>{4FC737F1-C7A5-4376-A066-2A32D752A2FF}</UniqueIdentifier>
      <Extensions>cpp;c;cc;cxx;c++;cppm;ixx;def;odl;idl;hpj;bat;asm;asmx</Extensions>
    </Filter>
    <Filter Include="Header Files">
      <UniqueIdentifier>{93995380-89BD-4b04-88EB-625FBE52EBFB}</UniqueIdentifier>
      <Extensions>h;hh;hpp;hxx;h++;hm;inl;inc;ipp;xsd</Extensions>
    </Filter>
    <Filter Include="Header Files\Menu">
      <UniqueIdentifier>{c5080eb4-f3c2-4bc9-9e47-344d07035b65}</UniqueIdentifier>
    </Filter>
    <Filter Include="Header Files\Mouse Movement">
      <UniqueIdentifier>{5d70ed88-223a-4836-9f5b-b055e7412cc9}</UniqueIdentifier>
    </Filter>
    <Filter Include="Header Files\Menu\ImGui">
      <UniqueIdentifier>{649d9bb2-9c86-4341-b2d8-eafabc5a2466}</UniqueIdentifier>
    </Filter>
    <Filter Include="Header Files\Menu\Custom">
      <UniqueIdentifier>{daf91c8e-bdbf-4018-a436-351a4211e501}</UniqueIdentifier>
    </Filter>
    <Filter Include="Header Files\Menu\Driver">
      <UniqueIdentifier>{2f5a216b-a2a0-47f0-8756-9288496c79be}</UniqueIdentifier>
    </Filter>
  </ItemGroup>
  <ItemGroup>
    <ClCompile Include="main.cpp">
      <Filter>Source Files</Filter>
    </ClCompile>
    <ClCompile Include="Custom.cpp">
      <Filter>Header Files\Menu\Custom</Filter>
    </ClCompile>
    <ClCompile Include="Driver.cpp">
      <Filter>Header Files\Menu\Driver</Filter>
    </ClCompile>
    <ClCompile Include="ImGui\imgui.cpp">
      <Filter>Header Files\Menu\ImGui</Filter>
    </ClCompile>
    <ClCompile Include="ImGui\imgui_demo.cpp">
      <Filter>Header Files\Menu\ImGui</Filter>
    </ClCompile>
    <ClCompile Include="ImGui\imgui_draw.cpp">
      <Filter>Header Files\Menu\ImGui</Filter>
    </ClCompile>
    <ClCompile Include="ImGui\imgui_impl_dx11.cpp">
      <Filter>Header Files\Menu\ImGui</Filter>
    </ClCompile>
    <ClCompile Include="ImGui\imgui_impl_win32.cpp">
      <Filter>Header Files\Menu\ImGui</Filter>
    </ClCompile>
    <ClCompile Include="ImGui\imgui_tables.cpp">
      <Filter>Header Files\Menu\ImGui</Filter>
    </ClCompile>
    <ClCompile Include="ImGui\imgui_widgets.cpp">
      <Filter>Header Files\Menu\ImGui</Filter>
    </ClCompile>
    <ClCompile Include="MenuRender.cpp">
      <Filter>Header Files\Menu</Filter>
    </ClCompile>
  </ItemGroup>
  <ItemGroup>
    <ClInclude Include="vec2.hpp">
      <Filter>Header Files</Filter>
    </ClInclude>
    <ClInclude Include="ColorSorter.hpp">
      <Filter>Header Files</Filter>
    </ClInclude>
    <ClInclude Include="Config.hpp">
      <Filter>Header Files</Filter>
    </ClInclude>
    <ClInclude Include="Aimbot.hpp">
      <Filter>Header Files</Filter>
    </ClInclude>
    <ClInclude Include="MenuRender.hpp">
      <Filter>Header Files\Menu</Filter>
    </ClInclude>
    <ClInclude Include="Custom.hpp">
      <Filter>Header Files\Menu\Custom</Filter>
    </ClInclude>
    <ClInclude Include="MenuBackground.hpp">
      <Filter>Header Files\Menu\Custom</Filter>
    </ClInclude>
    <ClInclude Include="MyFont.hpp">
      <Filter>Header Files\Menu\Custom</Filter>
    </ClInclude>
    <ClInclude Include="utils.hpp">
      <Filter>Source Files</Filter>
    </ClInclude>
    <ClInclude Include="icon.hpp">
      <Filter>Header Files\Menu</Filter>
    </ClInclude>
    <ClInclude Include="Stopwatch.hpp">
      <Filter>Header Files\Mouse Movement</Filter>
    </ClInclude>
    <ClInclude Include="resource.h">
      <Filter>Header Files</Filter>
    </ClInclude>
    <ClInclude Include="xor.hpp">
      <Filter>Source Files</Filter>
    </ClInclude>
    <ClInclude Include="image.h">
      <Filter>Header Files\Menu</Filter>
    </ClInclude>
    <ClInclude Include="stb_image.h">
      <Filter>Header Files\Menu</Filter>
    </ClInclude>
    <ClInclude Include="Driver.hpp">
      <Filter>Header Files\Menu\Driver</Filter>
    </ClInclude>
    <ClInclude Include="ImGui\imconfig.h">
      <Filter>Header Files\Menu\ImGui</Filter>
    </ClInclude>
    <ClInclude Include="ImGui\imgui.h">
      <Filter>Header Files\Menu\ImGui</Filter>
    </ClInclude>
    <ClInclude Include="ImGui\imgui_impl_dx11.h">
      <Filter>Header Files\Menu\ImGui</Filter>
    </ClInclude>
    <ClInclude Include="ImGui\imgui_impl_win32.h">
      <Filter>Header Files\Menu\ImGui</Filter>
    </ClInclude>
    <ClInclude Include="ImGui\imgui_internal.h">
      <Filter>Header Files\Menu\ImGui</Filter>
    </ClInclude>
    <ClInclude Include="ImGui\imstb_rectpack.h">
      <Filter>Header Files\Menu\ImGui</Filter>
    </ClInclude>
    <ClInclude Include="ImGui\imstb_textedit.h">
      <Filter>Header Files\Menu\ImGui</Filter>
    </ClInclude>
    <ClInclude Include="ImGui\imstb_truetype.h">
      <Filter>Header Files\Menu\ImGui</Filter>
    </ClInclude>
    <ClInclude Include="SkCrypt.h">
      <Filter>Header Files</Filter>
    </ClInclude>
  </ItemGroup>
</Project>